<?xml version="1.0" encoding="utf-8"?>
<Project ToolsVersion="4.0" xmlns="http://schemas.microsoft.com/developer/msbuild/2003">
  <ItemGroup>
    <Filter Include="Quelldateien">
      <UniqueIdentifier>{4FC737F1-C7A5-4376-A066-2A32D752A2FF}</UniqueIdentifier>
      <Extensions>cpp;c;cc;cxx;c++;cppm;ixx;def;odl;idl;hpj;bat;asm;asmx</Extensions>
    </Filter>
    <Filter Include="Headerdateien">
      <UniqueIdentifier>{93995380-89BD-4b04-88EB-625FBE52EBFB}</UniqueIdentifier>
      <Extensions>h;hh;hpp;hxx;h++;hm;inl;inc;ipp;xsd</Extensions>
    </Filter>
    <Filter Include="Ressourcendateien">
      <UniqueIdentifier>{67DA6AB6-F800-4c08-8B7A-83BB121AAD01}</UniqueIdentifier>
      <Extensions>rc;ico;cur;bmp;dlg;rc2;rct;bin;rgs;gif;jpg;jpeg;jpe;resx;tiff;tif;png;wav;mfcribbon-ms</Extensions>
    </Filter>
  </ItemGroup>
  <ItemGroup>
    <ClCompile Include="Source\main.cpp">
      <Filter>Quelldateien</Filter>
    </ClCompile>
    <ClCompile Include="Source\graphics.cpp">
      <Filter>Quelldateien</Filter>
    </ClCompile>
    <ClCompile Include="Source\print_device_info.cpp">
      <Filter>Quelldateien</Filter>
    </ClCompile>
    <ClCompile Include="Source\win32_window.cpp">
      <Filter>Quelldateien</Filter>
    </ClCompile>
    <ClCompile Include="Source\win32_surface.cpp">
      <Filter>Quelldateien</Filter>
    </ClCompile>
    <ClCompile Include="Source\swapchain.cpp">
      <Filter>Quelldateien</Filter>
    </ClCompile>
    <ClCompile Include="Source\input.cpp">
      <Filter>Quelldateien</Filter>
    </ClCompile>
    <ClCompile Include="Source\callback.cpp">
      <Filter>Quelldateien</Filter>
    </ClCompile>
    <ClCompile Include="Source\utility.cpp">
      <Filter>Quelldateien</Filter>
    </ClCompile>
    <ClCompile Include="Source\shader.cpp">
      <Filter>Quelldateien</Filter>
    </ClCompile>
    <ClCompile Include="Source\pipeline.cpp">
      <Filter>Quelldateien</Filter>
    </ClCompile>
  </ItemGroup>
  <ItemGroup>
    <ClInclude Include="Source\print_device_info.h">
      <Filter>Headerdateien</Filter>
    </ClInclude>
    <ClInclude Include="Source\graphics.h">
      <Filter>Headerdateien</Filter>
    </ClInclude>
    <ClInclude Include="Source\windefines.h">
      <Filter>Headerdateien</Filter>
    </ClInclude>
    <ClInclude Include="Source\window.h">
      <Filter>Headerdateien</Filter>
    </ClInclude>
    <ClInclude Include="Source\surface.h">
      <Filter>Headerdateien</Filter>
    </ClInclude>
    <ClInclude Include="Source\vkdefines.h">
      <Filter>Headerdateien</Filter>
    </ClInclude>
    <ClInclude Include="Source\swapchain.h">
      <Filter>Headerdateien</Filter>
    </ClInclude>
    <ClInclude Include="Source\input.h">
      <Filter>Headerdateien</Filter>
    </ClInclude>
    <ClInclude Include="Source\callback.h">
      <Filter>Headerdateien</Filter>
    </ClInclude>
    <ClInclude Include="Source\utility.h">
      <Filter>Headerdateien</Filter>
    </ClInclude>
    <ClInclude Include="Source\shader.h">
      <Filter>Headerdateien</Filter>
    </ClInclude>
    <ClInclude Include="Source\pipeline.h">
      <Filter>Headerdateien</Filter>
    </ClInclude>
  </ItemGroup>
  <ItemGroup>
    <CustomBuild Include="D:\Documents\Github\Vulkan Renderer\Vulkan Renderer\Source\shaders\fragment_shader.frag" />
    <CustomBuild Include="D:\Documents\Github\Vulkan Renderer\Vulkan Renderer\Source\vertex_shader.vert" />
    <CustomBuild Include="D:\Documents\Github\Vulkan Renderer\Vulkan Renderer\Source\fragment_shader.frag" />
    <CustomBuild Include="D:\Documents\Github\Vulkan Renderer\Vulkan Renderer\Source\shaders\fragment_shader.frag" />
    <CustomBuild Include="D:\Documents\Github\Vulkan Renderer\Vulkan Renderer\Source\vertex_shader.vert" />
    <CustomBuild Include="D:\Documents\Github\Vulkan Renderer\Vulkan Renderer\Source\fragment_shader.frag" />
    <CustomBuild Include="D:\Documents\Github\Vulkan Renderer\Vulkan Renderer\Source\shaders\fragment_shader.frag" />
    <CustomBuild Include="$(MSBuildProjectDirectory)\**\*.vert" />
    <CustomBuild Include="$(MSBuildProjectDirectory)\**\*.frag" />
  </ItemGroup>
  <ItemGroup>
    <None Include="Source\Shaders\vertex_shader.spv" />
    <None Include="Source\Shaders\fragment_shader.spv" />
  </ItemGroup>
</Project>